
Microsoft Visual Studio Solution File, Format Version 12.00
# Visual Studio Version 16
VisualStudioVersion = 16.6.30114.105
MinimumVisualStudioVersion = 10.0.40219.1
Project("{9A19103F-16F7-4668-BE54-9A1E7A4F7556}") = "R5T.D0112.Base", "R5T.D0112.Base\R5T.D0112.Base.csproj", "{782C0C69-7F66-4B4F-9E51-A4B5959F736B}"
EndProject
Project("{2150E333-8FDC-42A3-9474-1A3956D46DE8}") = "_Dependencies", "_Dependencies", "{45690FA7-31D5-4EC5-9E3A-EF3F1C0669D5}"
EndProject
Project("{9A19103F-16F7-4668-BE54-9A1E7A4F7556}") = "R5T.D0112.I001", "R5T.D0112.I001\R5T.D0112.I001.csproj", "{4E62375A-7085-4B18-B6A3-8061618BBA90}"
EndProject
Project("{9A19103F-16F7-4668-BE54-9A1E7A4F7556}") = "R5T.T0064", "..\..\R5T.T0064\source\R5T.T0064\R5T.T0064.csproj", "{4729AE21-A9BC-46B2-992A-F61DFAC7E0B8}"
EndProject
Project("{9A19103F-16F7-4668-BE54-9A1E7A4F7556}") = "R5T.T0062.X001", "..\..\R5T.T0062\source\R5T.T0062.X001\R5T.T0062.X001.csproj", "{323AFE64-D8CB-464E-BC43-D32C7DE81AFE}"
EndProject
Global
	GlobalSection(SolutionConfigurationPlatforms) = preSolution
		Debug|Any CPU = Debug|Any CPU
		Debug|x64 = Debug|x64
		Debug|x86 = Debug|x86
		Release|Any CPU = Release|Any CPU
		Release|x64 = Release|x64
		Release|x86 = Release|x86
	EndGlobalSection
	GlobalSection(ProjectConfigurationPlatforms) = postSolution
		{782C0C69-7F66-4B4F-9E51-A4B5959F736B}.Debug|Any CPU.ActiveCfg = Debug|Any CPU
		{782C0C69-7F66-4B4F-9E51-A4B5959F736B}.Debug|Any CPU.Build.0 = Debug|Any CPU
		{782C0C69-7F66-4B4F-9E51-A4B5959F736B}.Debug|x64.ActiveCfg = Debug|Any CPU
		{782C0C69-7F66-4B4F-9E51-A4B5959F736B}.Debug|x64.Build.0 = Debug|Any CPU
		{782C0C69-7F66-4B4F-9E51-A4B5959F736B}.Debug|x86.ActiveCfg = Debug|Any CPU
		{782C0C69-7F66-4B4F-9E51-A4B5959F736B}.Debug|x86.Build.0 = Debug|Any CPU
		{782C0C69-7F66-4B4F-9E51-A4B5959F736B}.Release|Any CPU.ActiveCfg = Release|Any CPU
		{782C0C69-7F66-4B4F-9E51-A4B5959F736B}.Release|Any CPU.Build.0 = Release|Any CPU
		{782C0C69-7F66-4B4F-9E51-A4B5959F736B}.Release|x64.ActiveCfg = Release|Any CPU
		{782C0C69-7F66-4B4F-9E51-A4B5959F736B}.Release|x64.Build.0 = Release|Any CPU
		{782C0C69-7F66-4B4F-9E51-A4B5959F736B}.Release|x86.ActiveCfg = Release|Any CPU
		{782C0C69-7F66-4B4F-9E51-A4B5959F736B}.Release|x86.Build.0 = Release|Any CPU
		{4E62375A-7085-4B18-B6A3-8061618BBA90}.Debug|Any CPU.ActiveCfg = Debug|Any CPU
		{4E62375A-7085-4B18-B6A3-8061618BBA90}.Debug|Any CPU.Build.0 = Debug|Any CPU
		{4E62375A-7085-4B18-B6A3-8061618BBA90}.Debug|x64.ActiveCfg = Debug|Any CPU
		{4E62375A-7085-4B18-B6A3-8061618BBA90}.Debug|x64.Build.0 = Debug|Any CPU
		{4E62375A-7085-4B18-B6A3-8061618BBA90}.Debug|x86.ActiveCfg = Debug|Any CPU
		{4E62375A-7085-4B18-B6A3-8061618BBA90}.Debug|x86.Build.0 = Debug|Any CPU
		{4E62375A-7085-4B18-B6A3-8061618BBA90}.Release|Any CPU.ActiveCfg = Release|Any CPU
		{4E62375A-7085-4B18-B6A3-8061618BBA90}.Release|Any CPU.Build.0 = Release|Any CPU
		{4E62375A-7085-4B18-B6A3-8061618BBA90}.Release|x64.ActiveCfg = Release|Any CPU
		{4E62375A-7085-4B18-B6A3-8061618BBA90}.Release|x64.Build.0 = Release|Any CPU
		{4E62375A-7085-4B18-B6A3-8061618BBA90}.Release|x86.ActiveCfg = Release|Any CPU
		{4E62375A-7085-4B18-B6A3-8061618BBA90}.Release|x86.Build.0 = Release|Any CPU
		{4729AE21-A9BC-46B2-992A-F61DFAC7E0B8}.Debug|Any CPU.ActiveCfg = Debug|Any CPU
		{4729AE21-A9BC-46B2-992A-F61DFAC7E0B8}.Debug|Any CPU.Build.0 = Debug|Any CPU
		{4729AE21-A9BC-46B2-992A-F61DFAC7E0B8}.Debug|x64.ActiveCfg = Debug|Any CPU
		{4729AE21-A9BC-46B2-992A-F61DFAC7E0B8}.Debug|x64.Build.0 = Debug|Any CPU
		{4729AE21-A9BC-46B2-992A-F61DFAC7E0B8}.Debug|x86.ActiveCfg = Debug|Any CPU
		{4729AE21-A9BC-46B2-992A-F61DFAC7E0B8}.Debug|x86.Build.0 = Debug|Any CPU
		{4729AE21-A9BC-46B2-992A-F61DFAC7E0B8}.Release|Any CPU.ActiveCfg = Release|Any CPU
		{4729AE21-A9BC-46B2-992A-F61DFAC7E0B8}.Release|Any CPU.Build.0 = Release|Any CPU
		{4729AE21-A9BC-46B2-992A-F61DFAC7E0B8}.Release|x64.ActiveCfg = Release|Any CPU
		{4729AE21-A9BC-46B2-992A-F61DFAC7E0B8}.Release|x64.Build.0 = Release|Any CPU
		{4729AE21-A9BC-46B2-992A-F61DFAC7E0B8}.Release|x86.ActiveCfg = Release|Any CPU
		{4729AE21-A9BC-46B2-992A-F61DFAC7E0B8}.Release|x86.Build.0 = Release|Any CPU
		{323AFE64-D8CB-464E-BC43-D32C7DE81AFE}.Debug|Any CPU.ActiveCfg = Debug|Any CPU
		{323AFE64-D8CB-464E-BC43-D32C7DE81AFE}.Debug|Any CPU.Build.0 = Debug|Any CPU
		{323AFE64-D8CB-464E-BC43-D32C7DE81AFE}.Debug|x64.ActiveCfg = Debug|Any CPU
		{323AFE64-D8CB-464E-BC43-D32C7DE81AFE}.Debug|x64.Build.0 = Debug|Any CPU
		{323AFE64-D8CB-464E-BC43-D32C7DE81AFE}.Debug|x86.ActiveCfg = Debug|Any CPU
		{323AFE64-D8CB-464E-BC43-D32C7DE81AFE}.Debug|x86.Build.0 = Debug|Any CPU
		{323AFE64-D8CB-464E-BC43-D32C7DE81AFE}.Release|Any CPU.ActiveCfg = Release|Any CPU
		{323AFE64-D8CB-464E-BC43-D32C7DE81AFE}.Release|Any CPU.Build.0 = Release|Any CPU
		{323AFE64-D8CB-464E-BC43-D32C7DE81AFE}.Release|x64.ActiveCfg = Release|Any CPU
		{323AFE64-D8CB-464E-BC43-D32C7DE81AFE}.Release|x64.Build.0 = Release|Any CPU
		{323AFE64-D8CB-464E-BC43-D32C7DE81AFE}.Release|x86.ActiveCfg = Release|Any CPU
		{323AFE64-D8CB-464E-BC43-D32C7DE81AFE}.Release|x86.Build.0 = Release|Any CPU
	EndGlobalSection
	GlobalSection(SolutionProperties) = preSolution
		HideSolutionNode = FALSE
	EndGlobalSection
	GlobalSection(NestedProjects) = preSolution
		{4729AE21-A9BC-46B2-992A-F61DFAC7E0B8} = {45690FA7-31D5-4EC5-9E3A-EF3F1C0669D5}
		{323AFE64-D8CB-464E-BC43-D32C7DE81AFE} = {45690FA7-31D5-4EC5-9E3A-EF3F1C0669D5}
	EndGlobalSection
	GlobalSection(ExtensibilityGlobals) = postSolution
		SolutionGuid = {43A9CCA0-8F29-4244-9F7B-DA9E3AF92202}
	EndGlobalSection
EndGlobal
