
Microsoft Visual Studio Solution File, Format Version 12.00
# Visual Studio Version 16
VisualStudioVersion = 16.6.30114.105
MinimumVisualStudioVersion = 10.0.40219.1
Project("{FAE04EC0-301F-11D3-BF4B-00C04F79EFBC}") = "R5T.D0112.A001", "R5T.D0112.A001\R5T.D0112.A001.csproj", "{42B54422-9963-47DA-B96E-94BFC38C9B7F}"
EndProject
Project("{FAE04EC0-301F-11D3-BF4B-00C04F79EFBC}") = "R5T.D0112.I001", "R5T.D0112.I001\R5T.D0112.I001.csproj", "{53F6129D-A95F-4570-BD29-52C4DC606198}"
EndProject
Project("{FAE04EC0-301F-11D3-BF4B-00C04F79EFBC}") = "R5T.D0112.Base", "R5T.D0112.Base\R5T.D0112.Base.csproj", "{0F76896C-06E7-45CF-95EF-F912056FE7F6}"
EndProject
Project("{2150E333-8FDC-42A3-9474-1A3956D46DE8}") = "_Dependencies", "_Dependencies", "{9FBF1D14-1263-4AF2-B152-2415AA7A4F97}"
EndProject
Project("{FAE04EC0-301F-11D3-BF4B-00C04F79EFBC}") = "R5T.Dacia.Extensions", "..\..\R5T.Dacia.Extensions\source\R5T.Dacia.Extensions\R5T.Dacia.Extensions.csproj", "{1DA6AD09-F149-4FEE-ADB3-D0AF660F8264}"
EndProject
Project("{FAE04EC0-301F-11D3-BF4B-00C04F79EFBC}") = "R5T.Dacia.T002", "..\..\R5T.Dacia\source\R5T.Dacia.T002\R5T.Dacia.T002.csproj", "{4D6463DB-879C-42A3-857E-7DF4EA25E1F7}"
EndProject
Global
	GlobalSection(SolutionConfigurationPlatforms) = preSolution
		Debug|Any CPU = Debug|Any CPU
		Debug|x64 = Debug|x64
		Debug|x86 = Debug|x86
		Release|Any CPU = Release|Any CPU
		Release|x64 = Release|x64
		Release|x86 = Release|x86
	EndGlobalSection
	GlobalSection(SolutionProperties) = preSolution
		HideSolutionNode = FALSE
	EndGlobalSection
	GlobalSection(ProjectConfigurationPlatforms) = postSolution
		{42B54422-9963-47DA-B96E-94BFC38C9B7F}.Debug|Any CPU.ActiveCfg = Debug|Any CPU
		{42B54422-9963-47DA-B96E-94BFC38C9B7F}.Debug|Any CPU.Build.0 = Debug|Any CPU
		{42B54422-9963-47DA-B96E-94BFC38C9B7F}.Debug|x64.ActiveCfg = Debug|Any CPU
		{42B54422-9963-47DA-B96E-94BFC38C9B7F}.Debug|x64.Build.0 = Debug|Any CPU
		{42B54422-9963-47DA-B96E-94BFC38C9B7F}.Debug|x86.ActiveCfg = Debug|Any CPU
		{42B54422-9963-47DA-B96E-94BFC38C9B7F}.Debug|x86.Build.0 = Debug|Any CPU
		{42B54422-9963-47DA-B96E-94BFC38C9B7F}.Release|Any CPU.ActiveCfg = Release|Any CPU
		{42B54422-9963-47DA-B96E-94BFC38C9B7F}.Release|Any CPU.Build.0 = Release|Any CPU
		{42B54422-9963-47DA-B96E-94BFC38C9B7F}.Release|x64.ActiveCfg = Release|Any CPU
		{42B54422-9963-47DA-B96E-94BFC38C9B7F}.Release|x64.Build.0 = Release|Any CPU
		{42B54422-9963-47DA-B96E-94BFC38C9B7F}.Release|x86.ActiveCfg = Release|Any CPU
		{42B54422-9963-47DA-B96E-94BFC38C9B7F}.Release|x86.Build.0 = Release|Any CPU
		{53F6129D-A95F-4570-BD29-52C4DC606198}.Debug|Any CPU.ActiveCfg = Debug|Any CPU
		{53F6129D-A95F-4570-BD29-52C4DC606198}.Debug|Any CPU.Build.0 = Debug|Any CPU
		{53F6129D-A95F-4570-BD29-52C4DC606198}.Debug|x64.ActiveCfg = Debug|Any CPU
		{53F6129D-A95F-4570-BD29-52C4DC606198}.Debug|x64.Build.0 = Debug|Any CPU
		{53F6129D-A95F-4570-BD29-52C4DC606198}.Debug|x86.ActiveCfg = Debug|Any CPU
		{53F6129D-A95F-4570-BD29-52C4DC606198}.Debug|x86.Build.0 = Debug|Any CPU
		{53F6129D-A95F-4570-BD29-52C4DC606198}.Release|Any CPU.ActiveCfg = Release|Any CPU
		{53F6129D-A95F-4570-BD29-52C4DC606198}.Release|Any CPU.Build.0 = Release|Any CPU
		{53F6129D-A95F-4570-BD29-52C4DC606198}.Release|x64.ActiveCfg = Release|Any CPU
		{53F6129D-A95F-4570-BD29-52C4DC606198}.Release|x64.Build.0 = Release|Any CPU
		{53F6129D-A95F-4570-BD29-52C4DC606198}.Release|x86.ActiveCfg = Release|Any CPU
		{53F6129D-A95F-4570-BD29-52C4DC606198}.Release|x86.Build.0 = Release|Any CPU
		{0F76896C-06E7-45CF-95EF-F912056FE7F6}.Debug|Any CPU.ActiveCfg = Debug|Any CPU
		{0F76896C-06E7-45CF-95EF-F912056FE7F6}.Debug|Any CPU.Build.0 = Debug|Any CPU
		{0F76896C-06E7-45CF-95EF-F912056FE7F6}.Debug|x64.ActiveCfg = Debug|Any CPU
		{0F76896C-06E7-45CF-95EF-F912056FE7F6}.Debug|x64.Build.0 = Debug|Any CPU
		{0F76896C-06E7-45CF-95EF-F912056FE7F6}.Debug|x86.ActiveCfg = Debug|Any CPU
		{0F76896C-06E7-45CF-95EF-F912056FE7F6}.Debug|x86.Build.0 = Debug|Any CPU
		{0F76896C-06E7-45CF-95EF-F912056FE7F6}.Release|Any CPU.ActiveCfg = Release|Any CPU
		{0F76896C-06E7-45CF-95EF-F912056FE7F6}.Release|Any CPU.Build.0 = Release|Any CPU
		{0F76896C-06E7-45CF-95EF-F912056FE7F6}.Release|x64.ActiveCfg = Release|Any CPU
		{0F76896C-06E7-45CF-95EF-F912056FE7F6}.Release|x64.Build.0 = Release|Any CPU
		{0F76896C-06E7-45CF-95EF-F912056FE7F6}.Release|x86.ActiveCfg = Release|Any CPU
		{0F76896C-06E7-45CF-95EF-F912056FE7F6}.Release|x86.Build.0 = Release|Any CPU
		{1DA6AD09-F149-4FEE-ADB3-D0AF660F8264}.Debug|Any CPU.ActiveCfg = Debug|Any CPU
		{1DA6AD09-F149-4FEE-ADB3-D0AF660F8264}.Debug|Any CPU.Build.0 = Debug|Any CPU
		{1DA6AD09-F149-4FEE-ADB3-D0AF660F8264}.Debug|x64.ActiveCfg = Debug|Any CPU
		{1DA6AD09-F149-4FEE-ADB3-D0AF660F8264}.Debug|x64.Build.0 = Debug|Any CPU
		{1DA6AD09-F149-4FEE-ADB3-D0AF660F8264}.Debug|x86.ActiveCfg = Debug|Any CPU
		{1DA6AD09-F149-4FEE-ADB3-D0AF660F8264}.Debug|x86.Build.0 = Debug|Any CPU
		{1DA6AD09-F149-4FEE-ADB3-D0AF660F8264}.Release|Any CPU.ActiveCfg = Release|Any CPU
		{1DA6AD09-F149-4FEE-ADB3-D0AF660F8264}.Release|Any CPU.Build.0 = Release|Any CPU
		{1DA6AD09-F149-4FEE-ADB3-D0AF660F8264}.Release|x64.ActiveCfg = Release|Any CPU
		{1DA6AD09-F149-4FEE-ADB3-D0AF660F8264}.Release|x64.Build.0 = Release|Any CPU
		{1DA6AD09-F149-4FEE-ADB3-D0AF660F8264}.Release|x86.ActiveCfg = Release|Any CPU
		{1DA6AD09-F149-4FEE-ADB3-D0AF660F8264}.Release|x86.Build.0 = Release|Any CPU
		{4D6463DB-879C-42A3-857E-7DF4EA25E1F7}.Debug|Any CPU.ActiveCfg = Debug|Any CPU
		{4D6463DB-879C-42A3-857E-7DF4EA25E1F7}.Debug|Any CPU.Build.0 = Debug|Any CPU
		{4D6463DB-879C-42A3-857E-7DF4EA25E1F7}.Debug|x64.ActiveCfg = Debug|Any CPU
		{4D6463DB-879C-42A3-857E-7DF4EA25E1F7}.Debug|x64.Build.0 = Debug|Any CPU
		{4D6463DB-879C-42A3-857E-7DF4EA25E1F7}.Debug|x86.ActiveCfg = Debug|Any CPU
		{4D6463DB-879C-42A3-857E-7DF4EA25E1F7}.Debug|x86.Build.0 = Debug|Any CPU
		{4D6463DB-879C-42A3-857E-7DF4EA25E1F7}.Release|Any CPU.ActiveCfg = Release|Any CPU
		{4D6463DB-879C-42A3-857E-7DF4EA25E1F7}.Release|Any CPU.Build.0 = Release|Any CPU
		{4D6463DB-879C-42A3-857E-7DF4EA25E1F7}.Release|x64.ActiveCfg = Release|Any CPU
		{4D6463DB-879C-42A3-857E-7DF4EA25E1F7}.Release|x64.Build.0 = Release|Any CPU
		{4D6463DB-879C-42A3-857E-7DF4EA25E1F7}.Release|x86.ActiveCfg = Release|Any CPU
		{4D6463DB-879C-42A3-857E-7DF4EA25E1F7}.Release|x86.Build.0 = Release|Any CPU
	EndGlobalSection
	GlobalSection(NestedProjects) = preSolution
		{1DA6AD09-F149-4FEE-ADB3-D0AF660F8264} = {9FBF1D14-1263-4AF2-B152-2415AA7A4F97}
		{4D6463DB-879C-42A3-857E-7DF4EA25E1F7} = {9FBF1D14-1263-4AF2-B152-2415AA7A4F97}
	EndGlobalSection
EndGlobal
