
Microsoft Visual Studio Solution File, Format Version 12.00
# Visual Studio Version 16
VisualStudioVersion = 16.6.30114.105
MinimumVisualStudioVersion = 10.0.40219.1
Project("{FAE04EC0-301F-11D3-BF4B-00C04F79EFBC}") = "R5T.D0112.Construction", "R5T.D0112.Construction\R5T.D0112.Construction.csproj", "{DF0BB275-2CA3-483E-BB19-31882C2677BF}"
EndProject
Project("{2150E333-8FDC-42A3-9474-1A3956D46DE8}") = "_Dependencies", "_Dependencies", "{91158ACD-7106-4B0C-AA93-F51777BE7AA6}"
EndProject
Project("{FAE04EC0-301F-11D3-BF4B-00C04F79EFBC}") = "R5T.Plymouth.ProgramAsAService", "..\..\R5T.Plymouth\source\R5T.Plymouth.ProgramAsAService\R5T.Plymouth.ProgramAsAService.csproj", "{45692E39-9B7B-4210-8061-AC60428ACA14}"
EndProject
Project("{FAE04EC0-301F-11D3-BF4B-00C04F79EFBC}") = "R5T.T0027.T009", "..\..\R5T.T0027\source\R5T.T0027.T009\R5T.T0027.T009.csproj", "{C261878D-1357-44F6-86C2-E6EF06A67209}"
EndProject
Project("{FAE04EC0-301F-11D3-BF4B-00C04F79EFBC}") = "R5T.D0112.I001", "R5T.D0112.I001\R5T.D0112.I001.csproj", "{FB34A29F-4124-4A95-AB71-5938216EDA1D}"
EndProject
Project("{FAE04EC0-301F-11D3-BF4B-00C04F79EFBC}") = "R5T.D0112.Base", "R5T.D0112.Base\R5T.D0112.Base.csproj", "{B9DE0F74-28D1-45A4-80AB-38BF483CA499}"
EndProject
Project("{FAE04EC0-301F-11D3-BF4B-00C04F79EFBC}") = "R5T.Dacia.Extensions", "..\..\R5T.Dacia.Extensions\source\R5T.Dacia.Extensions\R5T.Dacia.Extensions.csproj", "{9B9A3A0E-45CC-436F-A0CB-86D1BBA98343}"
EndProject
Project("{FAE04EC0-301F-11D3-BF4B-00C04F79EFBC}") = "R5T.Dacia.T002", "..\..\R5T.Dacia\source\R5T.Dacia.T002\R5T.Dacia.T002.csproj", "{3204E0DE-D3B3-4A51-85CC-13932248F794}"
EndProject
Global
	GlobalSection(SolutionConfigurationPlatforms) = preSolution
		Debug|Any CPU = Debug|Any CPU
		Debug|x64 = Debug|x64
		Debug|x86 = Debug|x86
		Release|Any CPU = Release|Any CPU
		Release|x64 = Release|x64
		Release|x86 = Release|x86
	EndGlobalSection
	GlobalSection(SolutionProperties) = preSolution
		HideSolutionNode = FALSE
	EndGlobalSection
	GlobalSection(ProjectConfigurationPlatforms) = postSolution
		{DF0BB275-2CA3-483E-BB19-31882C2677BF}.Debug|Any CPU.ActiveCfg = Debug|Any CPU
		{DF0BB275-2CA3-483E-BB19-31882C2677BF}.Debug|Any CPU.Build.0 = Debug|Any CPU
		{DF0BB275-2CA3-483E-BB19-31882C2677BF}.Debug|x64.ActiveCfg = Debug|Any CPU
		{DF0BB275-2CA3-483E-BB19-31882C2677BF}.Debug|x64.Build.0 = Debug|Any CPU
		{DF0BB275-2CA3-483E-BB19-31882C2677BF}.Debug|x86.ActiveCfg = Debug|Any CPU
		{DF0BB275-2CA3-483E-BB19-31882C2677BF}.Debug|x86.Build.0 = Debug|Any CPU
		{DF0BB275-2CA3-483E-BB19-31882C2677BF}.Release|Any CPU.ActiveCfg = Release|Any CPU
		{DF0BB275-2CA3-483E-BB19-31882C2677BF}.Release|Any CPU.Build.0 = Release|Any CPU
		{DF0BB275-2CA3-483E-BB19-31882C2677BF}.Release|x64.ActiveCfg = Release|Any CPU
		{DF0BB275-2CA3-483E-BB19-31882C2677BF}.Release|x64.Build.0 = Release|Any CPU
		{DF0BB275-2CA3-483E-BB19-31882C2677BF}.Release|x86.ActiveCfg = Release|Any CPU
		{DF0BB275-2CA3-483E-BB19-31882C2677BF}.Release|x86.Build.0 = Release|Any CPU
		{45692E39-9B7B-4210-8061-AC60428ACA14}.Debug|Any CPU.ActiveCfg = Debug|Any CPU
		{45692E39-9B7B-4210-8061-AC60428ACA14}.Debug|Any CPU.Build.0 = Debug|Any CPU
		{45692E39-9B7B-4210-8061-AC60428ACA14}.Debug|x64.ActiveCfg = Debug|Any CPU
		{45692E39-9B7B-4210-8061-AC60428ACA14}.Debug|x64.Build.0 = Debug|Any CPU
		{45692E39-9B7B-4210-8061-AC60428ACA14}.Debug|x86.ActiveCfg = Debug|Any CPU
		{45692E39-9B7B-4210-8061-AC60428ACA14}.Debug|x86.Build.0 = Debug|Any CPU
		{45692E39-9B7B-4210-8061-AC60428ACA14}.Release|Any CPU.ActiveCfg = Release|Any CPU
		{45692E39-9B7B-4210-8061-AC60428ACA14}.Release|Any CPU.Build.0 = Release|Any CPU
		{45692E39-9B7B-4210-8061-AC60428ACA14}.Release|x64.ActiveCfg = Release|Any CPU
		{45692E39-9B7B-4210-8061-AC60428ACA14}.Release|x64.Build.0 = Release|Any CPU
		{45692E39-9B7B-4210-8061-AC60428ACA14}.Release|x86.ActiveCfg = Release|Any CPU
		{45692E39-9B7B-4210-8061-AC60428ACA14}.Release|x86.Build.0 = Release|Any CPU
		{C261878D-1357-44F6-86C2-E6EF06A67209}.Debug|Any CPU.ActiveCfg = Debug|Any CPU
		{C261878D-1357-44F6-86C2-E6EF06A67209}.Debug|Any CPU.Build.0 = Debug|Any CPU
		{C261878D-1357-44F6-86C2-E6EF06A67209}.Debug|x64.ActiveCfg = Debug|Any CPU
		{C261878D-1357-44F6-86C2-E6EF06A67209}.Debug|x64.Build.0 = Debug|Any CPU
		{C261878D-1357-44F6-86C2-E6EF06A67209}.Debug|x86.ActiveCfg = Debug|Any CPU
		{C261878D-1357-44F6-86C2-E6EF06A67209}.Debug|x86.Build.0 = Debug|Any CPU
		{C261878D-1357-44F6-86C2-E6EF06A67209}.Release|Any CPU.ActiveCfg = Release|Any CPU
		{C261878D-1357-44F6-86C2-E6EF06A67209}.Release|Any CPU.Build.0 = Release|Any CPU
		{C261878D-1357-44F6-86C2-E6EF06A67209}.Release|x64.ActiveCfg = Release|Any CPU
		{C261878D-1357-44F6-86C2-E6EF06A67209}.Release|x64.Build.0 = Release|Any CPU
		{C261878D-1357-44F6-86C2-E6EF06A67209}.Release|x86.ActiveCfg = Release|Any CPU
		{C261878D-1357-44F6-86C2-E6EF06A67209}.Release|x86.Build.0 = Release|Any CPU
		{FB34A29F-4124-4A95-AB71-5938216EDA1D}.Debug|Any CPU.ActiveCfg = Debug|Any CPU
		{FB34A29F-4124-4A95-AB71-5938216EDA1D}.Debug|Any CPU.Build.0 = Debug|Any CPU
		{FB34A29F-4124-4A95-AB71-5938216EDA1D}.Debug|x64.ActiveCfg = Debug|Any CPU
		{FB34A29F-4124-4A95-AB71-5938216EDA1D}.Debug|x64.Build.0 = Debug|Any CPU
		{FB34A29F-4124-4A95-AB71-5938216EDA1D}.Debug|x86.ActiveCfg = Debug|Any CPU
		{FB34A29F-4124-4A95-AB71-5938216EDA1D}.Debug|x86.Build.0 = Debug|Any CPU
		{FB34A29F-4124-4A95-AB71-5938216EDA1D}.Release|Any CPU.ActiveCfg = Release|Any CPU
		{FB34A29F-4124-4A95-AB71-5938216EDA1D}.Release|Any CPU.Build.0 = Release|Any CPU
		{FB34A29F-4124-4A95-AB71-5938216EDA1D}.Release|x64.ActiveCfg = Release|Any CPU
		{FB34A29F-4124-4A95-AB71-5938216EDA1D}.Release|x64.Build.0 = Release|Any CPU
		{FB34A29F-4124-4A95-AB71-5938216EDA1D}.Release|x86.ActiveCfg = Release|Any CPU
		{FB34A29F-4124-4A95-AB71-5938216EDA1D}.Release|x86.Build.0 = Release|Any CPU
		{B9DE0F74-28D1-45A4-80AB-38BF483CA499}.Debug|Any CPU.ActiveCfg = Debug|Any CPU
		{B9DE0F74-28D1-45A4-80AB-38BF483CA499}.Debug|Any CPU.Build.0 = Debug|Any CPU
		{B9DE0F74-28D1-45A4-80AB-38BF483CA499}.Debug|x64.ActiveCfg = Debug|Any CPU
		{B9DE0F74-28D1-45A4-80AB-38BF483CA499}.Debug|x64.Build.0 = Debug|Any CPU
		{B9DE0F74-28D1-45A4-80AB-38BF483CA499}.Debug|x86.ActiveCfg = Debug|Any CPU
		{B9DE0F74-28D1-45A4-80AB-38BF483CA499}.Debug|x86.Build.0 = Debug|Any CPU
		{B9DE0F74-28D1-45A4-80AB-38BF483CA499}.Release|Any CPU.ActiveCfg = Release|Any CPU
		{B9DE0F74-28D1-45A4-80AB-38BF483CA499}.Release|Any CPU.Build.0 = Release|Any CPU
		{B9DE0F74-28D1-45A4-80AB-38BF483CA499}.Release|x64.ActiveCfg = Release|Any CPU
		{B9DE0F74-28D1-45A4-80AB-38BF483CA499}.Release|x64.Build.0 = Release|Any CPU
		{B9DE0F74-28D1-45A4-80AB-38BF483CA499}.Release|x86.ActiveCfg = Release|Any CPU
		{B9DE0F74-28D1-45A4-80AB-38BF483CA499}.Release|x86.Build.0 = Release|Any CPU
		{9B9A3A0E-45CC-436F-A0CB-86D1BBA98343}.Debug|Any CPU.ActiveCfg = Debug|Any CPU
		{9B9A3A0E-45CC-436F-A0CB-86D1BBA98343}.Debug|Any CPU.Build.0 = Debug|Any CPU
		{9B9A3A0E-45CC-436F-A0CB-86D1BBA98343}.Debug|x64.ActiveCfg = Debug|Any CPU
		{9B9A3A0E-45CC-436F-A0CB-86D1BBA98343}.Debug|x64.Build.0 = Debug|Any CPU
		{9B9A3A0E-45CC-436F-A0CB-86D1BBA98343}.Debug|x86.ActiveCfg = Debug|Any CPU
		{9B9A3A0E-45CC-436F-A0CB-86D1BBA98343}.Debug|x86.Build.0 = Debug|Any CPU
		{9B9A3A0E-45CC-436F-A0CB-86D1BBA98343}.Release|Any CPU.ActiveCfg = Release|Any CPU
		{9B9A3A0E-45CC-436F-A0CB-86D1BBA98343}.Release|Any CPU.Build.0 = Release|Any CPU
		{9B9A3A0E-45CC-436F-A0CB-86D1BBA98343}.Release|x64.ActiveCfg = Release|Any CPU
		{9B9A3A0E-45CC-436F-A0CB-86D1BBA98343}.Release|x64.Build.0 = Release|Any CPU
		{9B9A3A0E-45CC-436F-A0CB-86D1BBA98343}.Release|x86.ActiveCfg = Release|Any CPU
		{9B9A3A0E-45CC-436F-A0CB-86D1BBA98343}.Release|x86.Build.0 = Release|Any CPU
		{3204E0DE-D3B3-4A51-85CC-13932248F794}.Debug|Any CPU.ActiveCfg = Debug|Any CPU
		{3204E0DE-D3B3-4A51-85CC-13932248F794}.Debug|Any CPU.Build.0 = Debug|Any CPU
		{3204E0DE-D3B3-4A51-85CC-13932248F794}.Debug|x64.ActiveCfg = Debug|Any CPU
		{3204E0DE-D3B3-4A51-85CC-13932248F794}.Debug|x64.Build.0 = Debug|Any CPU
		{3204E0DE-D3B3-4A51-85CC-13932248F794}.Debug|x86.ActiveCfg = Debug|Any CPU
		{3204E0DE-D3B3-4A51-85CC-13932248F794}.Debug|x86.Build.0 = Debug|Any CPU
		{3204E0DE-D3B3-4A51-85CC-13932248F794}.Release|Any CPU.ActiveCfg = Release|Any CPU
		{3204E0DE-D3B3-4A51-85CC-13932248F794}.Release|Any CPU.Build.0 = Release|Any CPU
		{3204E0DE-D3B3-4A51-85CC-13932248F794}.Release|x64.ActiveCfg = Release|Any CPU
		{3204E0DE-D3B3-4A51-85CC-13932248F794}.Release|x64.Build.0 = Release|Any CPU
		{3204E0DE-D3B3-4A51-85CC-13932248F794}.Release|x86.ActiveCfg = Release|Any CPU
		{3204E0DE-D3B3-4A51-85CC-13932248F794}.Release|x86.Build.0 = Release|Any CPU
	EndGlobalSection
	GlobalSection(NestedProjects) = preSolution
		{45692E39-9B7B-4210-8061-AC60428ACA14} = {91158ACD-7106-4B0C-AA93-F51777BE7AA6}
		{C261878D-1357-44F6-86C2-E6EF06A67209} = {91158ACD-7106-4B0C-AA93-F51777BE7AA6}
		{9B9A3A0E-45CC-436F-A0CB-86D1BBA98343} = {91158ACD-7106-4B0C-AA93-F51777BE7AA6}
		{3204E0DE-D3B3-4A51-85CC-13932248F794} = {91158ACD-7106-4B0C-AA93-F51777BE7AA6}
	EndGlobalSection
EndGlobal
